// !$*UTF8*$!
{
	archiveVersion = 1;
	classes = {
	};
	objectVersion = 46;
	objects = {

/* Begin PBXBuildFile section */
		F620852619CCA08A00D3F36A /* AppDelegate.swift in Sources */ = {isa = PBXBuildFile; fileRef = F620852519CCA08A00D3F36A /* AppDelegate.swift */; };
		F620852819CCA08A00D3F36A /* ViewController.swift in Sources */ = {isa = PBXBuildFile; fileRef = F620852719CCA08A00D3F36A /* ViewController.swift */; };
		F620852B19CCA08A00D3F36A /* Main.storyboard in Resources */ = {isa = PBXBuildFile; fileRef = F620852919CCA08A00D3F36A /* Main.storyboard */; };
		F620852D19CCA08A00D3F36A /* Images.xcassets in Resources */ = {isa = PBXBuildFile; fileRef = F620852C19CCA08A00D3F36A /* Images.xcassets */; };
		F620853019CCA08A00D3F36A /* LaunchScreen.xib in Resources */ = {isa = PBXBuildFile; fileRef = F620852E19CCA08A00D3F36A /* LaunchScreen.xib */; };
		F620853C19CCA08A00D3F36A /* _9_Red_BalloonsTests.swift in Sources */ = {isa = PBXBuildFile; fileRef = F620853B19CCA08A00D3F36A /* _9_Red_BalloonsTests.swift */; };
		F620854A19CCA3E200D3F36A /* BerlinTVTower.jpg in Resources */ = {isa = PBXBuildFile; fileRef = F620854519CCA3E200D3F36A /* BerlinTVTower.jpg */; };
		F620854B19CCA3E200D3F36A /* RedBalloon1.jpg in Resources */ = {isa = PBXBuildFile; fileRef = F620854619CCA3E200D3F36A /* RedBalloon1.jpg */; };
		F620854C19CCA3E200D3F36A /* RedBalloon2.jpg in Resources */ = {isa = PBXBuildFile; fileRef = F620854719CCA3E200D3F36A /* RedBalloon2.jpg */; };
		F620854D19CCA3E200D3F36A /* RedBalloon3.jpg in Resources */ = {isa = PBXBuildFile; fileRef = F620854819CCA3E200D3F36A /* RedBalloon3.jpg */; };
		F620854E19CCA3E200D3F36A /* RedBalloon4.jpg in Resources */ = {isa = PBXBuildFile; fileRef = F620854919CCA3E200D3F36A /* RedBalloon4.jpg */; };
		F65B9FA819CCB19400E412F4 /* Balloon.swift in Sources */ = {isa = PBXBuildFile; fileRef = F65B9FA719CCB19400E412F4 /* Balloon.swift */; };
/* End PBXBuildFile section */

/* Begin PBXContainerItemProxy section */
		F620853619CCA08A00D3F36A /* PBXContainerItemProxy */ = {
			isa = PBXContainerItemProxy;
			containerPortal = F620851819CCA08A00D3F36A /* Project object */;
			proxyType = 1;
			remoteGlobalIDString = F620851F19CCA08A00D3F36A;
			remoteInfo = "99 Red Balloons";
		};
/* End PBXContainerItemProxy section */

/* Begin PBXFileReference section */
		F620852019CCA08A00D3F36A /* 99 Red Balloons.app */ = {isa = PBXFileReference; explicitFileType = wrapper.application; includeInIndex = 0; path = "99 Red Balloons.app"; sourceTree = BUILT_PRODUCTS_DIR; };
		F620852419CCA08A00D3F36A /* Info.plist */ = {isa = PBXFileReference; lastKnownFileType = text.plist.xml; path = Info.plist; sourceTree = "<group>"; };
		F620852519CCA08A00D3F36A /* AppDelegate.swift */ = {isa = PBXFileReference; lastKnownFileType = sourcecode.swift; path = AppDelegate.swift; sourceTree = "<group>"; };
		F620852719CCA08A00D3F36A /* ViewController.swift */ = {isa = PBXFileReference; lastKnownFileType = sourcecode.swift; path = ViewController.swift; sourceTree = "<group>"; };
		F620852A19CCA08A00D3F36A /* Base */ = {isa = PBXFileReference; lastKnownFileType = file.storyboard; name = Base; path = Base.lproj/Main.storyboard; sourceTree = "<group>"; };
		F620852C19CCA08A00D3F36A /* Images.xcassets */ = {isa = PBXFileReference; lastKnownFileType = folder.assetcatalog; path = Images.xcassets; sourceTree = "<group>"; };
		F620852F19CCA08A00D3F36A /* Base */ = {isa = PBXFileReference; lastKnownFileType = file.xib; name = Base; path = Base.lproj/LaunchScreen.xib; sourceTree = "<group>"; };
		F620853519CCA08A00D3F36A /* 99 Red BalloonsTests.xctest */ = {isa = PBXFileReference; explicitFileType = wrapper.cfbundle; includeInIndex = 0; path = "99 Red BalloonsTests.xctest"; sourceTree = BUILT_PRODUCTS_DIR; };
		F620853A19CCA08A00D3F36A /* Info.plist */ = {isa = PBXFileReference; lastKnownFileType = text.plist.xml; path = Info.plist; sourceTree = "<group>"; };
		F620853B19CCA08A00D3F36A /* _9_Red_BalloonsTests.swift */ = {isa = PBXFileReference; lastKnownFileType = sourcecode.swift; path = _9_Red_BalloonsTests.swift; sourceTree = "<group>"; };
		F620854519CCA3E200D3F36A /* BerlinTVTower.jpg */ = {isa = PBXFileReference; lastKnownFileType = image.jpeg; path = BerlinTVTower.jpg; sourceTree = "<group>"; };
		F620854619CCA3E200D3F36A /* RedBalloon1.jpg */ = {isa = PBXFileReference; lastKnownFileType = image.jpeg; path = RedBalloon1.jpg; sourceTree = "<group>"; };
		F620854719CCA3E200D3F36A /* RedBalloon2.jpg */ = {isa = PBXFileReference; lastKnownFileType = image.jpeg; path = RedBalloon2.jpg; sourceTree = "<group>"; };
		F620854819CCA3E200D3F36A /* RedBalloon3.jpg */ = {isa = PBXFileReference; lastKnownFileType = image.jpeg; path = RedBalloon3.jpg; sourceTree = "<group>"; };
		F620854919CCA3E200D3F36A /* RedBalloon4.jpg */ = {isa = PBXFileReference; lastKnownFileType = image.jpeg; path = RedBalloon4.jpg; sourceTree = "<group>"; };
		F65B9FA719CCB19400E412F4 /* Balloon.swift */ = {isa = PBXFileReference; fileEncoding = 4; lastKnownFileType = sourcecode.swift; path = Balloon.swift; sourceTree = "<group>"; };
/* End PBXFileReference section */

/* Begin PBXFrameworksBuildPhase section */
		F620851D19CCA08A00D3F36A /* Frameworks */ = {
			isa = PBXFrameworksBuildPhase;
			buildActionMask = 2147483647;
			files = (
			);
			runOnlyForDeploymentPostprocessing = 0;
		};
		F620853219CCA08A00D3F36A /* Frameworks */ = {
			isa = PBXFrameworksBuildPhase;
			buildActionMask = 2147483647;
			files = (
			);
			runOnlyForDeploymentPostprocessing = 0;
		};
/* End PBXFrameworksBuildPhase section */

/* Begin PBXGroup section */
		F620851719CCA08A00D3F36A = {
			isa = PBXGroup;
			children = (
				F620852219CCA08A00D3F36A /* 99 Red Balloons */,
				F620853819CCA08A00D3F36A /* 99 Red BalloonsTests */,
				F620852119CCA08A00D3F36A /* Products */,
			);
			sourceTree = "<group>";
		};
		F620852119CCA08A00D3F36A /* Products */ = {
			isa = PBXGroup;
			children = (
				F620852019CCA08A00D3F36A /* 99 Red Balloons.app */,
				F620853519CCA08A00D3F36A /* 99 Red BalloonsTests.xctest */,
			);
			name = Products;
			sourceTree = "<group>";
		};
		F620852219CCA08A00D3F36A /* 99 Red Balloons */ = {
			isa = PBXGroup;
			children = (
				F65B9FA619CCB17000E412F4 /* Models */,
				F620852519CCA08A00D3F36A /* AppDelegate.swift */,
				F620852719CCA08A00D3F36A /* ViewController.swift */,
				F620852919CCA08A00D3F36A /* Main.storyboard */,
				F620852C19CCA08A00D3F36A /* Images.xcassets */,
				F620852E19CCA08A00D3F36A /* LaunchScreen.xib */,
				F620852319CCA08A00D3F36A /* Supporting Files */,
			);
			path = "99 Red Balloons";
			sourceTree = "<group>";
		};
		F620852319CCA08A00D3F36A /* Supporting Files */ = {
			isa = PBXGroup;
			children = (
				F620854519CCA3E200D3F36A /* BerlinTVTower.jpg */,
				F620854619CCA3E200D3F36A /* RedBalloon1.jpg */,
				F620854719CCA3E200D3F36A /* RedBalloon2.jpg */,
				F620854819CCA3E200D3F36A /* RedBalloon3.jpg */,
				F620854919CCA3E200D3F36A /* RedBalloon4.jpg */,
				F620852419CCA08A00D3F36A /* Info.plist */,
			);
			name = "Supporting Files";
			sourceTree = "<group>";
		};
		F620853819CCA08A00D3F36A /* 99 Red BalloonsTests */ = {
			isa = PBXGroup;
			children = (
				F620853B19CCA08A00D3F36A /* _9_Red_BalloonsTests.swift */,
				F620853919CCA08A00D3F36A /* Supporting Files */,
			);
			path = "99 Red BalloonsTests";
			sourceTree = "<group>";
		};
		F620853919CCA08A00D3F36A /* Supporting Files */ = {
			isa = PBXGroup;
			children = (
				F620853A19CCA08A00D3F36A /* Info.plist */,
			);
			name = "Supporting Files";
			sourceTree = "<group>";
		};
		F65B9FA619CCB17000E412F4 /* Models */ = {
			isa = PBXGroup;
			children = (
				F65B9FA719CCB19400E412F4 /* Balloon.swift */,
			);
			name = Models;
			sourceTree = "<group>";
		};
/* End PBXGroup section */

/* Begin PBXNativeTarget section */
		F620851F19CCA08A00D3F36A /* 99 Red Balloons */ = {
			isa = PBXNativeTarget;
			buildConfigurationList = F620853F19CCA08A00D3F36A /* Build configuration list for PBXNativeTarget "99 Red Balloons" */;
			buildPhases = (
				F620851C19CCA08A00D3F36A /* Sources */,
				F620851D19CCA08A00D3F36A /* Frameworks */,
				F620851E19CCA08A00D3F36A /* Resources */,
			);
			buildRules = (
			);
			dependencies = (
			);
			name = "99 Red Balloons";
			productName = "99 Red Balloons";
			productReference = F620852019CCA08A00D3F36A /* 99 Red Balloons.app */;
			productType = "com.apple.product-type.application";
		};
		F620853419CCA08A00D3F36A /* 99 Red BalloonsTests */ = {
			isa = PBXNativeTarget;
			buildConfigurationList = F620854219CCA08A00D3F36A /* Build configuration list for PBXNativeTarget "99 Red BalloonsTests" */;
			buildPhases = (
				F620853119CCA08A00D3F36A /* Sources */,
				F620853219CCA08A00D3F36A /* Frameworks */,
				F620853319CCA08A00D3F36A /* Resources */,
			);
			buildRules = (
			);
			dependencies = (
				F620853719CCA08A00D3F36A /* PBXTargetDependency */,
			);
			name = "99 Red BalloonsTests";
			productName = "99 Red BalloonsTests";
			productReference = F620853519CCA08A00D3F36A /* 99 Red BalloonsTests.xctest */;
			productType = "com.apple.product-type.bundle.unit-test";
		};
/* End PBXNativeTarget section */

/* Begin PBXProject section */
		F620851819CCA08A00D3F36A /* Project object */ = {
			isa = PBXProject;
			attributes = {
				LastUpgradeCheck = 0600;
				ORGANIZATIONNAME = "Stanley Chiang";
				TargetAttributes = {
					F620851F19CCA08A00D3F36A = {
						CreatedOnToolsVersion = 6.0;
					};
					F620853419CCA08A00D3F36A = {
						CreatedOnToolsVersion = 6.0;
						TestTargetID = F620851F19CCA08A00D3F36A;
					};
				};
			};
			buildConfigurationList = F620851B19CCA08A00D3F36A /* Build configuration list for PBXProject "99 Red Balloons" */;
			compatibilityVersion = "Xcode 3.2";
			developmentRegion = English;
			hasScannedForEncodings = 0;
			knownRegions = (
				en,
				Base,
			);
			mainGroup = F620851719CCA08A00D3F36A;
			productRefGroup = F620852119CCA08A00D3F36A /* Products */;
			projectDirPath = "";
			projectRoot = "";
			targets = (
				F620851F19CCA08A00D3F36A /* 99 Red Balloons */,
				F620853419CCA08A00D3F36A /* 99 Red BalloonsTests */,
			);
		};
/* End PBXProject section */

/* Begin PBXResourcesBuildPhase section */
		F620851E19CCA08A00D3F36A /* Resources */ = {
			isa = PBXResourcesBuildPhase;
			buildActionMask = 2147483647;
			files = (
				F620854C19CCA3E200D3F36A /* RedBalloon2.jpg in Resources */,
				F620852B19CCA08A00D3F36A /* Main.storyboard in Resources */,
				F620854D19CCA3E200D3F36A /* RedBalloon3.jpg in Resources */,
				F620853019CCA08A00D3F36A /* LaunchScreen.xib in Resources */,
				F620854E19CCA3E200D3F36A /* RedBalloon4.jpg in Resources */,
				F620852D19CCA08A00D3F36A /* Images.xcassets in Resources */,
				F620854B19CCA3E200D3F36A /* RedBalloon1.jpg in Resources */,
				F620854A19CCA3E200D3F36A /* BerlinTVTower.jpg in Resources */,
			);
			runOnlyForDeploymentPostprocessing = 0;
		};
		F620853319CCA08A00D3F36A /* Resources */ = {
			isa = PBXResourcesBuildPhase;
			buildActionMask = 2147483647;
			files = (
			);
			runOnlyForDeploymentPostprocessing = 0;
		};
/* End PBXResourcesBuildPhase section */

/* Begin PBXSourcesBuildPhase section */
		F620851C19CCA08A00D3F36A /* Sources */ = {
			isa = PBXSourcesBuildPhase;
			buildActionMask = 2147483647;
			files = (
				F620852819CCA08A00D3F36A /* ViewController.swift in Sources */,
				F65B9FA819CCB19400E412F4 /* Balloon.swift in Sources */,
				F620852619CCA08A00D3F36A /* AppDelegate.swift in Sources */,
			);
			runOnlyForDeploymentPostprocessing = 0;
		};
		F620853119CCA08A00D3F36A /* Sources */ = {
			isa = PBXSourcesBuildPhase;
			buildActionMask = 2147483647;
			files = (
				F620853C19CCA08A00D3F36A /* _9_Red_BalloonsTests.swift in Sources */,
			);
			runOnlyForDeploymentPostprocessing = 0;
		};
/* End PBXSourcesBuildPhase section */

/* Begin PBXTargetDependency section */
		F620853719CCA08A00D3F36A /* PBXTargetDependency */ = {
			isa = PBXTargetDependency;
			target = F620851F19CCA08A00D3F36A /* 99 Red Balloons */;
			targetProxy = F620853619CCA08A00D3F36A /* PBXContainerItemProxy */;
		};
/* End PBXTargetDependency section */

/* Begin PBXVariantGroup section */
		F620852919CCA08A00D3F36A /* Main.storyboard */ = {
			isa = PBXVariantGroup;
			children = (
				F620852A19CCA08A00D3F36A /* Base */,
			);
			name = Main.storyboard;
			sourceTree = "<group>";
		};
		F620852E19CCA08A00D3F36A /* LaunchScreen.xib */ = {
			isa = PBXVariantGroup;
			children = (
				F620852F19CCA08A00D3F36A /* Base */,
			);
			name = LaunchScreen.xib;
			sourceTree = "<group>";
		};
/* End PBXVariantGroup section */

/* Begin XCBuildConfiguration section */
		F620853D19CCA08A00D3F36A /* Debug */ = {
			isa = XCBuildConfiguration;
			buildSettings = {
				ALWAYS_SEARCH_USER_PATHS = NO;
				CLANG_CXX_LANGUAGE_STANDARD = "gnu++0x";
				CLANG_CXX_LIBRARY = "libc++";
				CLANG_ENABLE_MODULES = YES;
				CLANG_ENABLE_OBJC_ARC = YES;
				CLANG_WARN_BOOL_CONVERSION = YES;
				CLANG_WARN_CONSTANT_CONVERSION = YES;
				CLANG_WARN_DIRECT_OBJC_ISA_USAGE = YES_ERROR;
				CLANG_WARN_EMPTY_BODY = YES;
				CLANG_WARN_ENUM_CONVERSION = YES;
				CLANG_WARN_INT_CONVERSION = YES;
				CLANG_WARN_OBJC_ROOT_CLASS = YES_ERROR;
				CLANG_WARN_UNREACHABLE_CODE = YES;
				CLANG_WARN__DUPLICATE_METHOD_MATCH = YES;
				"CODE_SIGN_IDENTITY[sdk=iphoneos*]" = "iPhone Developer";
				COPY_PHASE_STRIP = NO;
				ENABLE_STRICT_OBJC_MSGSEND = YES;
				GCC_C_LANGUAGE_STANDARD = gnu99;
				GCC_DYNAMIC_NO_PIC = NO;
				GCC_OPTIMIZATION_LEVEL = 0;
				GCC_PREPROCESSOR_DEFINITIONS = (
					"DEBUG=1",
					"$(inherited)",
				);
				GCC_SYMBOLS_PRIVATE_EXTERN = NO;
				GCC_WARN_64_TO_32_BIT_CONVERSION = YES;
				GCC_WARN_ABOUT_RETURN_TYPE = YES_ERROR;
				GCC_WARN_UNDECLARED_SELECTOR = YES;
				GCC_WARN_UNINITIALIZED_AUTOS = YES_AGGRESSIVE;
				GCC_WARN_UNUSED_FUNCTION = YES;
				GCC_WARN_UNUSED_VARIABLE = YES;
				IPHONEOS_DEPLOYMENT_TARGET = 8.0;
				MTL_ENABLE_DEBUG_INFO = YES;
				ONLY_ACTIVE_ARCH = YES;
				SDKROOT = iphoneos;
				SWIFT_OPTIMIZATION_LEVEL = "-Onone";
			};
			name = Debug;
		};
		F620853E19CCA08A00D3F36A /* Release */ = {
			isa = XCBuildConfiguration;
			buildSettings = {
				ALWAYS_SEARCH_USER_PATHS = NO;
				CLANG_CXX_LANGUAGE_STANDARD = "gnu++0x";
				CLANG_CXX_LIBRARY = "libc++";
				CLANG_ENABLE_MODULES = YES;
				CLANG_ENABLE_OBJC_ARC = YES;
				CLANG_WARN_BOOL_CONVERSION = YES;
				CLANG_WARN_CONSTANT_CONVERSION = YES;
				CLANG_WARN_DIRECT_OBJC_ISA_USAGE = YES_ERROR;
				CLANG_WARN_EMPTY_BODY = YES;
				CLANG_WARN_ENUM_CONVERSION = YES;
				CLANG_WARN_INT_CONVERSION = YES;
				CLANG_WARN_OBJC_ROOT_CLASS = YES_ERROR;
				CLANG_WARN_UNREACHABLE_CODE = YES;
				CLANG_WARN__DUPLICATE_METHOD_MATCH = YES;
				"CODE_SIGN_IDENTITY[sdk=iphoneos*]" = "iPhone Developer";
				COPY_PHASE_STRIP = YES;
				ENABLE_NS_ASSERTIONS = NO;
				ENABLE_STRICT_OBJC_MSGSEND = YES;
				GCC_C_LANGUAGE_STANDARD = gnu99;
				GCC_WARN_64_TO_32_BIT_CONVERSION = YES;
				GCC_WARN_ABOUT_RETURN_TYPE = YES_ERROR;
				GCC_WARN_UNDECLARED_SELECTOR = YES;
				GCC_WARN_UNINITIALIZED_AUTOS = YES_AGGRESSIVE;
				GCC_WARN_UNUSED_FUNCTION = YES;
				GCC_WARN_UNUSED_VARIABLE = YES;
				IPHONEOS_DEPLOYMENT_TARGET = 8.0;
				MTL_ENABLE_DEBUG_INFO = NO;
				SDKROOT = iphoneos;
				VALIDATE_PRODUCT = YES;
			};
			name = Release;
		};
		F620854019CCA08A00D3F36A /* Debug */ = {
			isa = XCBuildConfiguration;
			buildSettings = {
				ASSETCATALOG_COMPILER_APPICON_NAME = AppIcon;
				INFOPLIST_FILE = "99 Red Balloons/Info.plist";
				LD_RUNPATH_SEARCH_PATHS = "$(inherited) @executable_path/Frameworks";
				PRODUCT_NAME = "$(TARGET_NAME)";
			};
			name = Debug;
		};
		F620854119CCA08A00D3F36A /* Release */ = {
			isa = XCBuildConfiguration;
			buildSettings = {
				ASSETCATALOG_COMPILER_APPICON_NAME = AppIcon;
				INFOPLIST_FILE = "99 Red Balloons/Info.plist";
				LD_RUNPATH_SEARCH_PATHS = "$(inherited) @executable_path/Frameworks";
				PRODUCT_NAME = "$(TARGET_NAME)";
			};
			name = Release;
		};
		F620854319CCA08A00D3F36A /* Debug */ = {
			isa = XCBuildConfiguration;
			buildSettings = {
				BUNDLE_LOADER = "$(TEST_HOST)";
				FRAMEWORK_SEARCH_PATHS = (
					"$(SDKROOT)/Developer/Library/Frameworks",
					"$(inherited)",
				);
				GCC_PREPROCESSOR_DEFINITIONS = (
					"DEBUG=1",
					"$(inherited)",
				);
				INFOPLIST_FILE = "99 Red BalloonsTests/Info.plist";
				LD_RUNPATH_SEARCH_PATHS = "$(inherited) @executable_path/Frameworks @loader_path/Frameworks";
				PRODUCT_NAME = "$(TARGET_NAME)";
				TEST_HOST = "$(BUILT_PRODUCTS_DIR)/99 Red Balloons.app/99 Red Balloons";
			};
			name = Debug;
		};
		F620854419CCA08A00D3F36A /* Release */ = {
			isa = XCBuildConfiguration;
			buildSettings = {
				BUNDLE_LOADER = "$(TEST_HOST)";
				FRAMEWORK_SEARCH_PATHS = (
					"$(SDKROOT)/Developer/Library/Frameworks",
					"$(inherited)",
				);
				INFOPLIST_FILE = "99 Red BalloonsTests/Info.plist";
				LD_RUNPATH_SEARCH_PATHS = "$(inherited) @executable_path/Frameworks @loader_path/Frameworks";
				PRODUCT_NAME = "$(TARGET_NAME)";
				TEST_HOST = "$(BUILT_PRODUCTS_DIR)/99 Red Balloons.app/99 Red Balloons";
			};
			name = Release;
		};
/* End XCBuildConfiguration section */

/* Begin XCConfigurationList section */
		F620851B19CCA08A00D3F36A /* Build configuration list for PBXProject "99 Red Balloons" */ = {
			isa = XCConfigurationList;
			buildConfigurations = (
				F620853D19CCA08A00D3F36A /* Debug */,
				F620853E19CCA08A00D3F36A /* Release */,
			);
			defaultConfigurationIsVisible = 0;
			defaultConfigurationName = Release;
		};
		F620853F19CCA08A00D3F36A /* Build configuration list for PBXNativeTarget "99 Red Balloons" */ = {
			isa = XCConfigurationList;
			buildConfigurations = (
				F620854019CCA08A00D3F36A /* Debug */,
				F620854119CCA08A00D3F36A /* Release */,
			);
			defaultConfigurationIsVisible = 0;
			defaultConfigurationName = Release;
		};
		F620854219CCA08A00D3F36A /* Build configuration list for PBXNativeTarget "99 Red BalloonsTests" */ = {
			isa = XCConfigurationList;
			buildConfigurations = (
				F620854319CCA08A00D3F36A /* Debug */,
				F620854419CCA08A00D3F36A /* Release */,
			);
			defaultConfigurationIsVisible = 0;
			defaultConfigurationName = Release;
		};
/* End XCConfigurationList section */
	};
	rootObject = F620851819CCA08A00D3F36A /* Project object */;
}
