// !$*UTF8*$!
{
	archiveVersion = 1;
	classes = {
	};
	objectVersion = 46;
	objects = {

/* Begin PBXBuildFile section */
		F61138F719CF4B19007A7581 /* AppDelegate.swift in Sources */ = {isa = PBXBuildFile; fileRef = F61138F619CF4B19007A7581 /* AppDelegate.swift */; };
		F61138F919CF4B19007A7581 /* ViewController.swift in Sources */ = {isa = PBXBuildFile; fileRef = F61138F819CF4B19007A7581 /* ViewController.swift */; };
		F61138FC19CF4B19007A7581 /* Main.storyboard in Resources */ = {isa = PBXBuildFile; fileRef = F61138FA19CF4B19007A7581 /* Main.storyboard */; };
		F61138FE19CF4B19007A7581 /* Images.xcassets in Resources */ = {isa = PBXBuildFile; fileRef = F61138FD19CF4B19007A7581 /* Images.xcassets */; };
		F611390119CF4B19007A7581 /* LaunchScreen.xib in Resources */ = {isa = PBXBuildFile; fileRef = F61138FF19CF4B19007A7581 /* LaunchScreen.xib */; };
		F611390D19CF4B19007A7581 /* SlotMachineTests.swift in Sources */ = {isa = PBXBuildFile; fileRef = F611390C19CF4B19007A7581 /* SlotMachineTests.swift */; };
/* End PBXBuildFile section */

/* Begin PBXContainerItemProxy section */
		F611390719CF4B19007A7581 /* PBXContainerItemProxy */ = {
			isa = PBXContainerItemProxy;
			containerPortal = F61138E919CF4B18007A7581 /* Project object */;
			proxyType = 1;
			remoteGlobalIDString = F61138F019CF4B19007A7581;
			remoteInfo = SlotMachine;
		};
/* End PBXContainerItemProxy section */

/* Begin PBXFileReference section */
		F61138F119CF4B19007A7581 /* SlotMachine.app */ = {isa = PBXFileReference; explicitFileType = wrapper.application; includeInIndex = 0; path = SlotMachine.app; sourceTree = BUILT_PRODUCTS_DIR; };
		F61138F519CF4B19007A7581 /* Info.plist */ = {isa = PBXFileReference; lastKnownFileType = text.plist.xml; path = Info.plist; sourceTree = "<group>"; };
		F61138F619CF4B19007A7581 /* AppDelegate.swift */ = {isa = PBXFileReference; lastKnownFileType = sourcecode.swift; path = AppDelegate.swift; sourceTree = "<group>"; };
		F61138F819CF4B19007A7581 /* ViewController.swift */ = {isa = PBXFileReference; lastKnownFileType = sourcecode.swift; path = ViewController.swift; sourceTree = "<group>"; };
		F61138FB19CF4B19007A7581 /* Base */ = {isa = PBXFileReference; lastKnownFileType = file.storyboard; name = Base; path = Base.lproj/Main.storyboard; sourceTree = "<group>"; };
		F61138FD19CF4B19007A7581 /* Images.xcassets */ = {isa = PBXFileReference; lastKnownFileType = folder.assetcatalog; path = Images.xcassets; sourceTree = "<group>"; };
		F611390019CF4B19007A7581 /* Base */ = {isa = PBXFileReference; lastKnownFileType = file.xib; name = Base; path = Base.lproj/LaunchScreen.xib; sourceTree = "<group>"; };
		F611390619CF4B19007A7581 /* SlotMachineTests.xctest */ = {isa = PBXFileReference; explicitFileType = wrapper.cfbundle; includeInIndex = 0; path = SlotMachineTests.xctest; sourceTree = BUILT_PRODUCTS_DIR; };
		F611390B19CF4B19007A7581 /* Info.plist */ = {isa = PBXFileReference; lastKnownFileType = text.plist.xml; path = Info.plist; sourceTree = "<group>"; };
		F611390C19CF4B19007A7581 /* SlotMachineTests.swift */ = {isa = PBXFileReference; lastKnownFileType = sourcecode.swift; path = SlotMachineTests.swift; sourceTree = "<group>"; };
/* End PBXFileReference section */

/* Begin PBXFrameworksBuildPhase section */
		F61138EE19CF4B19007A7581 /* Frameworks */ = {
			isa = PBXFrameworksBuildPhase;
			buildActionMask = 2147483647;
			files = (
			);
			runOnlyForDeploymentPostprocessing = 0;
		};
		F611390319CF4B19007A7581 /* Frameworks */ = {
			isa = PBXFrameworksBuildPhase;
			buildActionMask = 2147483647;
			files = (
			);
			runOnlyForDeploymentPostprocessing = 0;
		};
/* End PBXFrameworksBuildPhase section */

/* Begin PBXGroup section */
		F61138E819CF4B18007A7581 = {
			isa = PBXGroup;
			children = (
				F61138F319CF4B19007A7581 /* SlotMachine */,
				F611390919CF4B19007A7581 /* SlotMachineTests */,
				F61138F219CF4B19007A7581 /* Products */,
			);
			sourceTree = "<group>";
		};
		F61138F219CF4B19007A7581 /* Products */ = {
			isa = PBXGroup;
			children = (
				F61138F119CF4B19007A7581 /* SlotMachine.app */,
				F611390619CF4B19007A7581 /* SlotMachineTests.xctest */,
			);
			name = Products;
			sourceTree = "<group>";
		};
		F61138F319CF4B19007A7581 /* SlotMachine */ = {
			isa = PBXGroup;
			children = (
				F61138F619CF4B19007A7581 /* AppDelegate.swift */,
				F61138F819CF4B19007A7581 /* ViewController.swift */,
				F61138FA19CF4B19007A7581 /* Main.storyboard */,
				F61138FD19CF4B19007A7581 /* Images.xcassets */,
				F61138FF19CF4B19007A7581 /* LaunchScreen.xib */,
				F61138F419CF4B19007A7581 /* Supporting Files */,
			);
			path = SlotMachine;
			sourceTree = "<group>";
		};
		F61138F419CF4B19007A7581 /* Supporting Files */ = {
			isa = PBXGroup;
			children = (
				F61138F519CF4B19007A7581 /* Info.plist */,
			);
			name = "Supporting Files";
			sourceTree = "<group>";
		};
		F611390919CF4B19007A7581 /* SlotMachineTests */ = {
			isa = PBXGroup;
			children = (
				F611390C19CF4B19007A7581 /* SlotMachineTests.swift */,
				F611390A19CF4B19007A7581 /* Supporting Files */,
			);
			path = SlotMachineTests;
			sourceTree = "<group>";
		};
		F611390A19CF4B19007A7581 /* Supporting Files */ = {
			isa = PBXGroup;
			children = (
				F611390B19CF4B19007A7581 /* Info.plist */,
			);
			name = "Supporting Files";
			sourceTree = "<group>";
		};
/* End PBXGroup section */

/* Begin PBXNativeTarget section */
		F61138F019CF4B19007A7581 /* SlotMachine */ = {
			isa = PBXNativeTarget;
			buildConfigurationList = F611391019CF4B19007A7581 /* Build configuration list for PBXNativeTarget "SlotMachine" */;
			buildPhases = (
				F61138ED19CF4B19007A7581 /* Sources */,
				F61138EE19CF4B19007A7581 /* Frameworks */,
				F61138EF19CF4B19007A7581 /* Resources */,
			);
			buildRules = (
			);
			dependencies = (
			);
			name = SlotMachine;
			productName = SlotMachine;
			productReference = F61138F119CF4B19007A7581 /* SlotMachine.app */;
			productType = "com.apple.product-type.application";
		};
		F611390519CF4B19007A7581 /* SlotMachineTests */ = {
			isa = PBXNativeTarget;
			buildConfigurationList = F611391319CF4B19007A7581 /* Build configuration list for PBXNativeTarget "SlotMachineTests" */;
			buildPhases = (
				F611390219CF4B19007A7581 /* Sources */,
				F611390319CF4B19007A7581 /* Frameworks */,
				F611390419CF4B19007A7581 /* Resources */,
			);
			buildRules = (
			);
			dependencies = (
				F611390819CF4B19007A7581 /* PBXTargetDependency */,
			);
			name = SlotMachineTests;
			productName = SlotMachineTests;
			productReference = F611390619CF4B19007A7581 /* SlotMachineTests.xctest */;
			productType = "com.apple.product-type.bundle.unit-test";
		};
/* End PBXNativeTarget section */

/* Begin PBXProject section */
		F61138E919CF4B18007A7581 /* Project object */ = {
			isa = PBXProject;
			attributes = {
				LastUpgradeCheck = 0600;
				ORGANIZATIONNAME = "Stanley Chiang";
				TargetAttributes = {
					F61138F019CF4B19007A7581 = {
						CreatedOnToolsVersion = 6.0;
					};
					F611390519CF4B19007A7581 = {
						CreatedOnToolsVersion = 6.0;
						TestTargetID = F61138F019CF4B19007A7581;
					};
				};
			};
			buildConfigurationList = F61138EC19CF4B18007A7581 /* Build configuration list for PBXProject "SlotMachine" */;
			compatibilityVersion = "Xcode 3.2";
			developmentRegion = English;
			hasScannedForEncodings = 0;
			knownRegions = (
				en,
				Base,
			);
			mainGroup = F61138E819CF4B18007A7581;
			productRefGroup = F61138F219CF4B19007A7581 /* Products */;
			projectDirPath = "";
			projectRoot = "";
			targets = (
				F61138F019CF4B19007A7581 /* SlotMachine */,
				F611390519CF4B19007A7581 /* SlotMachineTests */,
			);
		};
/* End PBXProject section */

/* Begin PBXResourcesBuildPhase section */
		F61138EF19CF4B19007A7581 /* Resources */ = {
			isa = PBXResourcesBuildPhase;
			buildActionMask = 2147483647;
			files = (
				F61138FC19CF4B19007A7581 /* Main.storyboard in Resources */,
				F611390119CF4B19007A7581 /* LaunchScreen.xib in Resources */,
				F61138FE19CF4B19007A7581 /* Images.xcassets in Resources */,
			);
			runOnlyForDeploymentPostprocessing = 0;
		};
		F611390419CF4B19007A7581 /* Resources */ = {
			isa = PBXResourcesBuildPhase;
			buildActionMask = 2147483647;
			files = (
			);
			runOnlyForDeploymentPostprocessing = 0;
		};
/* End PBXResourcesBuildPhase section */

/* Begin PBXSourcesBuildPhase section */
		F61138ED19CF4B19007A7581 /* Sources */ = {
			isa = PBXSourcesBuildPhase;
			buildActionMask = 2147483647;
			files = (
				F61138F919CF4B19007A7581 /* ViewController.swift in Sources */,
				F61138F719CF4B19007A7581 /* AppDelegate.swift in Sources */,
			);
			runOnlyForDeploymentPostprocessing = 0;
		};
		F611390219CF4B19007A7581 /* Sources */ = {
			isa = PBXSourcesBuildPhase;
			buildActionMask = 2147483647;
			files = (
				F611390D19CF4B19007A7581 /* SlotMachineTests.swift in Sources */,
			);
			runOnlyForDeploymentPostprocessing = 0;
		};
/* End PBXSourcesBuildPhase section */

/* Begin PBXTargetDependency section */
		F611390819CF4B19007A7581 /* PBXTargetDependency */ = {
			isa = PBXTargetDependency;
			target = F61138F019CF4B19007A7581 /* SlotMachine */;
			targetProxy = F611390719CF4B19007A7581 /* PBXContainerItemProxy */;
		};
/* End PBXTargetDependency section */

/* Begin PBXVariantGroup section */
		F61138FA19CF4B19007A7581 /* Main.storyboard */ = {
			isa = PBXVariantGroup;
			children = (
				F61138FB19CF4B19007A7581 /* Base */,
			);
			name = Main.storyboard;
			sourceTree = "<group>";
		};
		F61138FF19CF4B19007A7581 /* LaunchScreen.xib */ = {
			isa = PBXVariantGroup;
			children = (
				F611390019CF4B19007A7581 /* Base */,
			);
			name = LaunchScreen.xib;
			sourceTree = "<group>";
		};
/* End PBXVariantGroup section */

/* Begin XCBuildConfiguration section */
		F611390E19CF4B19007A7581 /* Debug */ = {
			isa = XCBuildConfiguration;
			buildSettings = {
				ALWAYS_SEARCH_USER_PATHS = NO;
				CLANG_CXX_LANGUAGE_STANDARD = "gnu++0x";
				CLANG_CXX_LIBRARY = "libc++";
				CLANG_ENABLE_MODULES = YES;
				CLANG_ENABLE_OBJC_ARC = YES;
				CLANG_WARN_BOOL_CONVERSION = YES;
				CLANG_WARN_CONSTANT_CONVERSION = YES;
				CLANG_WARN_DIRECT_OBJC_ISA_USAGE = YES_ERROR;
				CLANG_WARN_EMPTY_BODY = YES;
				CLANG_WARN_ENUM_CONVERSION = YES;
				CLANG_WARN_INT_CONVERSION = YES;
				CLANG_WARN_OBJC_ROOT_CLASS = YES_ERROR;
				CLANG_WARN_UNREACHABLE_CODE = YES;
				CLANG_WARN__DUPLICATE_METHOD_MATCH = YES;
				"CODE_SIGN_IDENTITY[sdk=iphoneos*]" = "iPhone Developer";
				COPY_PHASE_STRIP = NO;
				ENABLE_STRICT_OBJC_MSGSEND = YES;
				GCC_C_LANGUAGE_STANDARD = gnu99;
				GCC_DYNAMIC_NO_PIC = NO;
				GCC_OPTIMIZATION_LEVEL = 0;
				GCC_PREPROCESSOR_DEFINITIONS = (
					"DEBUG=1",
					"$(inherited)",
				);
				GCC_SYMBOLS_PRIVATE_EXTERN = NO;
				GCC_WARN_64_TO_32_BIT_CONVERSION = YES;
				GCC_WARN_ABOUT_RETURN_TYPE = YES_ERROR;
				GCC_WARN_UNDECLARED_SELECTOR = YES;
				GCC_WARN_UNINITIALIZED_AUTOS = YES_AGGRESSIVE;
				GCC_WARN_UNUSED_FUNCTION = YES;
				GCC_WARN_UNUSED_VARIABLE = YES;
				IPHONEOS_DEPLOYMENT_TARGET = 8.0;
				MTL_ENABLE_DEBUG_INFO = YES;
				ONLY_ACTIVE_ARCH = YES;
				SDKROOT = iphoneos;
				SWIFT_OPTIMIZATION_LEVEL = "-Onone";
			};
			name = Debug;
		};
		F611390F19CF4B19007A7581 /* Release */ = {
			isa = XCBuildConfiguration;
			buildSettings = {
				ALWAYS_SEARCH_USER_PATHS = NO;
				CLANG_CXX_LANGUAGE_STANDARD = "gnu++0x";
				CLANG_CXX_LIBRARY = "libc++";
				CLANG_ENABLE_MODULES = YES;
				CLANG_ENABLE_OBJC_ARC = YES;
				CLANG_WARN_BOOL_CONVERSION = YES;
				CLANG_WARN_CONSTANT_CONVERSION = YES;
				CLANG_WARN_DIRECT_OBJC_ISA_USAGE = YES_ERROR;
				CLANG_WARN_EMPTY_BODY = YES;
				CLANG_WARN_ENUM_CONVERSION = YES;
				CLANG_WARN_INT_CONVERSION = YES;
				CLANG_WARN_OBJC_ROOT_CLASS = YES_ERROR;
				CLANG_WARN_UNREACHABLE_CODE = YES;
				CLANG_WARN__DUPLICATE_METHOD_MATCH = YES;
				"CODE_SIGN_IDENTITY[sdk=iphoneos*]" = "iPhone Developer";
				COPY_PHASE_STRIP = YES;
				ENABLE_NS_ASSERTIONS = NO;
				ENABLE_STRICT_OBJC_MSGSEND = YES;
				GCC_C_LANGUAGE_STANDARD = gnu99;
				GCC_WARN_64_TO_32_BIT_CONVERSION = YES;
				GCC_WARN_ABOUT_RETURN_TYPE = YES_ERROR;
				GCC_WARN_UNDECLARED_SELECTOR = YES;
				GCC_WARN_UNINITIALIZED_AUTOS = YES_AGGRESSIVE;
				GCC_WARN_UNUSED_FUNCTION = YES;
				GCC_WARN_UNUSED_VARIABLE = YES;
				IPHONEOS_DEPLOYMENT_TARGET = 8.0;
				MTL_ENABLE_DEBUG_INFO = NO;
				SDKROOT = iphoneos;
				VALIDATE_PRODUCT = YES;
			};
			name = Release;
		};
		F611391119CF4B19007A7581 /* Debug */ = {
			isa = XCBuildConfiguration;
			buildSettings = {
				ASSETCATALOG_COMPILER_APPICON_NAME = AppIcon;
				INFOPLIST_FILE = SlotMachine/Info.plist;
				LD_RUNPATH_SEARCH_PATHS = "$(inherited) @executable_path/Frameworks";
				PRODUCT_NAME = "$(TARGET_NAME)";
			};
			name = Debug;
		};
		F611391219CF4B19007A7581 /* Release */ = {
			isa = XCBuildConfiguration;
			buildSettings = {
				ASSETCATALOG_COMPILER_APPICON_NAME = AppIcon;
				INFOPLIST_FILE = SlotMachine/Info.plist;
				LD_RUNPATH_SEARCH_PATHS = "$(inherited) @executable_path/Frameworks";
				PRODUCT_NAME = "$(TARGET_NAME)";
			};
			name = Release;
		};
		F611391419CF4B19007A7581 /* Debug */ = {
			isa = XCBuildConfiguration;
			buildSettings = {
				BUNDLE_LOADER = "$(TEST_HOST)";
				FRAMEWORK_SEARCH_PATHS = (
					"$(SDKROOT)/Developer/Library/Frameworks",
					"$(inherited)",
				);
				GCC_PREPROCESSOR_DEFINITIONS = (
					"DEBUG=1",
					"$(inherited)",
				);
				INFOPLIST_FILE = SlotMachineTests/Info.plist;
				LD_RUNPATH_SEARCH_PATHS = "$(inherited) @executable_path/Frameworks @loader_path/Frameworks";
				PRODUCT_NAME = "$(TARGET_NAME)";
				TEST_HOST = "$(BUILT_PRODUCTS_DIR)/SlotMachine.app/SlotMachine";
			};
			name = Debug;
		};
		F611391519CF4B19007A7581 /* Release */ = {
			isa = XCBuildConfiguration;
			buildSettings = {
				BUNDLE_LOADER = "$(TEST_HOST)";
				FRAMEWORK_SEARCH_PATHS = (
					"$(SDKROOT)/Developer/Library/Frameworks",
					"$(inherited)",
				);
				INFOPLIST_FILE = SlotMachineTests/Info.plist;
				LD_RUNPATH_SEARCH_PATHS = "$(inherited) @executable_path/Frameworks @loader_path/Frameworks";
				PRODUCT_NAME = "$(TARGET_NAME)";
				TEST_HOST = "$(BUILT_PRODUCTS_DIR)/SlotMachine.app/SlotMachine";
			};
			name = Release;
		};
/* End XCBuildConfiguration section */

/* Begin XCConfigurationList section */
		F61138EC19CF4B18007A7581 /* Build configuration list for PBXProject "SlotMachine" */ = {
			isa = XCConfigurationList;
			buildConfigurations = (
				F611390E19CF4B19007A7581 /* Debug */,
				F611390F19CF4B19007A7581 /* Release */,
			);
			defaultConfigurationIsVisible = 0;
			defaultConfigurationName = Release;
		};
		F611391019CF4B19007A7581 /* Build configuration list for PBXNativeTarget "SlotMachine" */ = {
			isa = XCConfigurationList;
			buildConfigurations = (
				F611391119CF4B19007A7581 /* Debug */,
				F611391219CF4B19007A7581 /* Release */,
			);
			defaultConfigurationIsVisible = 0;
		};
		F611391319CF4B19007A7581 /* Build configuration list for PBXNativeTarget "SlotMachineTests" */ = {
			isa = XCConfigurationList;
			buildConfigurations = (
				F611391419CF4B19007A7581 /* Debug */,
				F611391519CF4B19007A7581 /* Release */,
			);
			defaultConfigurationIsVisible = 0;
		};
/* End XCConfigurationList section */
	};
	rootObject = F61138E919CF4B18007A7581 /* Project object */;
}
